
Microsoft Visual Studio Solution File, Format Version 12.00
# Visual Studio Version 16
VisualStudioVersion = 16.0.31129.286
MinimumVisualStudioVersion = 10.0.40219.1
Project("{8BC9CEB8-8B4A-11D0-8D11-00A0C91BC942}") = "ForwardList", "ForwardList\ForwardList.vcxproj", "{577B6AE3-485E-420E-9A0F-8161BB1EB05C}"
EndProject
Project("{8BC9CEB8-8B4A-11D0-8D11-00A0C91BC942}") = "List2", "List2\List2.vcxproj", "{C85552D4-70EC-4C92-959B-B0E65A8E8713}"
EndProject
Global
	GlobalSection(SolutionConfigurationPlatforms) = preSolution
		Debug|x64 = Debug|x64
		Debug|x86 = Debug|x86
		Release|x64 = Release|x64
		Release|x86 = Release|x86
	EndGlobalSection
	GlobalSection(ProjectConfigurationPlatforms) = postSolution
		{577B6AE3-485E-420E-9A0F-8161BB1EB05C}.Debug|x64.ActiveCfg = Debug|x64
		{577B6AE3-485E-420E-9A0F-8161BB1EB05C}.Debug|x64.Build.0 = Debug|x64
		{577B6AE3-485E-420E-9A0F-8161BB1EB05C}.Debug|x86.ActiveCfg = Debug|Win32
		{577B6AE3-485E-420E-9A0F-8161BB1EB05C}.Debug|x86.Build.0 = Debug|Win32
		{577B6AE3-485E-420E-9A0F-8161BB1EB05C}.Release|x64.ActiveCfg = Release|x64
		{577B6AE3-485E-420E-9A0F-8161BB1EB05C}.Release|x64.Build.0 = Release|x64
		{577B6AE3-485E-420E-9A0F-8161BB1EB05C}.Release|x86.ActiveCfg = Release|Win32
		{577B6AE3-485E-420E-9A0F-8161BB1EB05C}.Release|x86.Build.0 = Release|Win32
		{C85552D4-70EC-4C92-959B-B0E65A8E8713}.Debug|x64.ActiveCfg = Debug|x64
		{C85552D4-70EC-4C92-959B-B0E65A8E8713}.Debug|x64.Build.0 = Debug|x64
		{C85552D4-70EC-4C92-959B-B0E65A8E8713}.Debug|x86.ActiveCfg = Debug|Win32
		{C85552D4-70EC-4C92-959B-B0E65A8E8713}.Debug|x86.Build.0 = Debug|Win32
		{C85552D4-70EC-4C92-959B-B0E65A8E8713}.Release|x64.ActiveCfg = Release|x64
		{C85552D4-70EC-4C92-959B-B0E65A8E8713}.Release|x64.Build.0 = Release|x64
		{C85552D4-70EC-4C92-959B-B0E65A8E8713}.Release|x86.ActiveCfg = Release|Win32
		{C85552D4-70EC-4C92-959B-B0E65A8E8713}.Release|x86.Build.0 = Release|Win32
	EndGlobalSection
	GlobalSection(SolutionProperties) = preSolution
		HideSolutionNode = FALSE
	EndGlobalSection
	GlobalSection(ExtensibilityGlobals) = postSolution
		SolutionGuid = {DB4EDC48-3DE0-420D-BAEB-AFFCD650C2D0}
	EndGlobalSection
EndGlobal
